
Microsoft Visual Studio Solution File, Format Version 12.00
# Visual Studio Version 17
VisualStudioVersion = 17.4.33110.190
MinimumVisualStudioVersion = 10.0.40219.1
Project("{FAE04EC0-301F-11D3-BF4B-00C04F79EFBC}") = "Practice_01.02_KazanovAlexandr", "Practice_01.02_KazanovAlexandr.csproj", "{FB5E8C15-B2E9-4A7B-8C19-9767A39DCA47}"
EndProject
Global
	GlobalSection(SolutionConfigurationPlatforms) = preSolution
		Debug|Any CPU = Debug|Any CPU
		Release|Any CPU = Release|Any CPU
	EndGlobalSection
	GlobalSection(ProjectConfigurationPlatforms) = postSolution
		{FB5E8C15-B2E9-4A7B-8C19-9767A39DCA47}.Debug|Any CPU.ActiveCfg = Debug|Any CPU
		{FB5E8C15-B2E9-4A7B-8C19-9767A39DCA47}.Debug|Any CPU.Build.0 = Debug|Any CPU
		{FB5E8C15-B2E9-4A7B-8C19-9767A39DCA47}.Release|Any CPU.ActiveCfg = Release|Any CPU
		{FB5E8C15-B2E9-4A7B-8C19-9767A39DCA47}.Release|Any CPU.Build.0 = Release|Any CPU
	EndGlobalSection
	GlobalSection(SolutionProperties) = preSolution
		HideSolutionNode = FALSE
	EndGlobalSection
	GlobalSection(ExtensibilityGlobals) = postSolution
		SolutionGuid = {0F552C37-7DE7-4A89-804D-FDC644BFBD95}
	EndGlobalSection
EndGlobal
